
Microsoft Visual Studio Solution File, Format Version 12.00
# Visual Studio Version 17
VisualStudioVersion = 17.7.34031.279
MinimumVisualStudioVersion = 10.0.40219.1
Project("{9A19103F-16F7-4668-BE54-9A1E7A4F7556}") = "HTT_WebApp_", "HTT_WebApp_\HTT_WebApp_.csproj", "{2DC95CB2-B974-41E6-8BF6-ADB1219F365C}"
EndProject
Project("{FAE04EC0-301F-11D3-BF4B-00C04F79EFBC}") = "HTT_WebApp_DAL", "HTT_WebApp_DAL\HTT_WebApp_DAL.csproj", "{C8F00626-35B6-4218-9A5E-EA96F7FA3B32}"
EndProject
Global
	GlobalSection(SolutionConfigurationPlatforms) = preSolution
		Debug|Any CPU = Debug|Any CPU
		Release|Any CPU = Release|Any CPU
	EndGlobalSection
	GlobalSection(ProjectConfigurationPlatforms) = postSolution
		{2DC95CB2-B974-41E6-8BF6-ADB1219F365C}.Debug|Any CPU.ActiveCfg = Debug|Any CPU
		{2DC95CB2-B974-41E6-8BF6-ADB1219F365C}.Debug|Any CPU.Build.0 = Debug|Any CPU
		{2DC95CB2-B974-41E6-8BF6-ADB1219F365C}.Release|Any CPU.ActiveCfg = Release|Any CPU
		{2DC95CB2-B974-41E6-8BF6-ADB1219F365C}.Release|Any CPU.Build.0 = Release|Any CPU
		{C8F00626-35B6-4218-9A5E-EA96F7FA3B32}.Debug|Any CPU.ActiveCfg = Debug|Any CPU
		{C8F00626-35B6-4218-9A5E-EA96F7FA3B32}.Debug|Any CPU.Build.0 = Debug|Any CPU
		{C8F00626-35B6-4218-9A5E-EA96F7FA3B32}.Release|Any CPU.ActiveCfg = Release|Any CPU
		{C8F00626-35B6-4218-9A5E-EA96F7FA3B32}.Release|Any CPU.Build.0 = Release|Any CPU
	EndGlobalSection
	GlobalSection(SolutionProperties) = preSolution
		HideSolutionNode = FALSE
	EndGlobalSection
	GlobalSection(ExtensibilityGlobals) = postSolution
		SolutionGuid = {33150D15-8745-4EEE-B5B7-9763358BF68D}
	EndGlobalSection
EndGlobal
